
Microsoft Visual Studio Solution File, Format Version 12.00
# Visual Studio 15
Project("{FAE04EC0-301F-11D3-BF4B-00C04F79EFBC}") = "Unity.XR.Interaction.Toolkit.Samples.ARStarterAssets", "Unity.XR.Interaction.Toolkit.Samples.ARStarterAssets.csproj", "{6DDB0F90-DC58-7E26-B754-E87CB473158A}"
EndProject
Project("{FAE04EC0-301F-11D3-BF4B-00C04F79EFBC}") = "Assembly-CSharp", "Assembly-CSharp.csproj", "{E9B6522B-9625-AFE3-B4EE-17DF653D6FDF}"
EndProject
Project("{FAE04EC0-301F-11D3-BF4B-00C04F79EFBC}") = "Unity.XR.Interaction.Toolkit.Samples.ARStarterAssets.Editor", "Unity.XR.Interaction.Toolkit.Samples.ARStarterAssets.Editor.csproj", "{08E9955B-751B-394A-71CB-7C6812B031BF}"
EndProject
Project("{FAE04EC0-301F-11D3-BF4B-00C04F79EFBC}") = "Unity.XR.Interaction.Toolkit.Samples.StarterAssets", "Unity.XR.Interaction.Toolkit.Samples.StarterAssets.csproj", "{2716E910-B874-4651-F194-C56BF5FE759D}"
EndProject
Global
	GlobalSection(SolutionConfigurationPlatforms) = preSolution
		Debug|Any CPU = Debug|Any CPU
		Release|Any CPU = Release|Any CPU
	EndGlobalSection
	GlobalSection(ProjectConfigurationPlatforms) = postSolution
		{6DDB0F90-DC58-7E26-B754-E87CB473158A}.Debug|Any CPU.ActiveCfg = Debug|Any CPU
		{6DDB0F90-DC58-7E26-B754-E87CB473158A}.Debug|Any CPU.Build.0 = Debug|Any CPU
		{6DDB0F90-DC58-7E26-B754-E87CB473158A}.Release|Any CPU.ActiveCfg = Release|Any CPU
		{6DDB0F90-DC58-7E26-B754-E87CB473158A}.Release|Any CPU.Build.0 = Release|Any CPU
		{E9B6522B-9625-AFE3-B4EE-17DF653D6FDF}.Debug|Any CPU.ActiveCfg = Debug|Any CPU
		{E9B6522B-9625-AFE3-B4EE-17DF653D6FDF}.Debug|Any CPU.Build.0 = Debug|Any CPU
		{E9B6522B-9625-AFE3-B4EE-17DF653D6FDF}.Release|Any CPU.ActiveCfg = Release|Any CPU
		{E9B6522B-9625-AFE3-B4EE-17DF653D6FDF}.Release|Any CPU.Build.0 = Release|Any CPU
		{08E9955B-751B-394A-71CB-7C6812B031BF}.Debug|Any CPU.ActiveCfg = Debug|Any CPU
		{08E9955B-751B-394A-71CB-7C6812B031BF}.Debug|Any CPU.Build.0 = Debug|Any CPU
		{08E9955B-751B-394A-71CB-7C6812B031BF}.Release|Any CPU.ActiveCfg = Release|Any CPU
		{08E9955B-751B-394A-71CB-7C6812B031BF}.Release|Any CPU.Build.0 = Release|Any CPU
		{2716E910-B874-4651-F194-C56BF5FE759D}.Debug|Any CPU.ActiveCfg = Debug|Any CPU
		{2716E910-B874-4651-F194-C56BF5FE759D}.Debug|Any CPU.Build.0 = Debug|Any CPU
		{2716E910-B874-4651-F194-C56BF5FE759D}.Release|Any CPU.ActiveCfg = Release|Any CPU
		{2716E910-B874-4651-F194-C56BF5FE759D}.Release|Any CPU.Build.0 = Release|Any CPU
	EndGlobalSection
	GlobalSection(SolutionProperties) = preSolution
		HideSolutionNode = FALSE
	EndGlobalSection
EndGlobal
